
Microsoft Visual Studio Solution File, Format Version 12.00
# Visual Studio 2013
VisualStudioVersion = 12.0.30501.0
MinimumVisualStudioVersion = 10.0.40219.1
Project("{FAE04EC0-301F-11D3-BF4B-00C04F79EFBC}") = "Rhino3dmIO", "dotnet\Rhino3dmIO.csproj", "{E10F2F27-4825-4BFB-83B4-E929BDC6E027}"
EndProject
Project("{8BC9CEB8-8B4A-11D0-8D11-00A0C91BC942}") = "rhino3dmio_native", "c\rhcommon_opennurbs.vcxproj", "{A23BFC5B-4F2C-4440-B663-39DC3A094DE2}"
EndProject
Project("{8BC9CEB8-8B4A-11D0-8D11-00A0C91BC942}") = "opennurbs_staticlib", "c\opennurbs\opennurbs_staticlib.vcxproj", "{AA514D07-9579-4CF7-AD53-FCECC27D29AA}"
EndProject
Project("{8BC9CEB8-8B4A-11D0-8D11-00A0C91BC942}") = "zlib", "c\opennurbs\zlib\zlib.vcxproj", "{4D11F62B-AA30-4657-987D-33C1F21EF2ED}"
EndProject
Project("{FAE04EC0-301F-11D3-BF4B-00C04F79EFBC}") = "example_read", "examples\rhino3dmio\example_read\example_read.csproj", "{0895AF81-B25A-4A65-AA2B-24AC70255A6F}"
EndProject
Project("{FAE04EC0-301F-11D3-BF4B-00C04F79EFBC}") = "methodgen", "methodgen\methodgen.csproj", "{2493E19A-046C-4049-AEDF-44A6BBFEF2DF}"
EndProject
Project("{FAE04EC0-301F-11D3-BF4B-00C04F79EFBC}") = "example_read_mac", "examples\rhino3dmio\example_read_mac\example_read_mac.csproj", "{16D5E9D5-6C47-4C05-9912-C735008504A0}"
EndProject
Global
	GlobalSection(SolutionConfigurationPlatforms) = preSolution
		Debug|Any CPU = Debug|Any CPU
		Debug|Mixed Platforms = Debug|Mixed Platforms
		Debug|Win32 = Debug|Win32
		Debug|x64 = Debug|x64
		Debug|x86 = Debug|x86
		Release|Any CPU = Release|Any CPU
		Release|Mixed Platforms = Release|Mixed Platforms
		Release|Win32 = Release|Win32
		Release|x64 = Release|x64
		Release|x86 = Release|x86
	EndGlobalSection
	GlobalSection(ProjectConfigurationPlatforms) = postSolution
		{E10F2F27-4825-4BFB-83B4-E929BDC6E027}.Debug|Any CPU.ActiveCfg = Debug|Any CPU
		{E10F2F27-4825-4BFB-83B4-E929BDC6E027}.Debug|Any CPU.Build.0 = Debug|Any CPU
		{E10F2F27-4825-4BFB-83B4-E929BDC6E027}.Debug|Mixed Platforms.ActiveCfg = Debug|Any CPU
		{E10F2F27-4825-4BFB-83B4-E929BDC6E027}.Debug|Mixed Platforms.Build.0 = Debug|Any CPU
		{E10F2F27-4825-4BFB-83B4-E929BDC6E027}.Debug|Win32.ActiveCfg = Debug|x86
		{E10F2F27-4825-4BFB-83B4-E929BDC6E027}.Debug|Win32.Build.0 = Debug|x86
		{E10F2F27-4825-4BFB-83B4-E929BDC6E027}.Debug|x64.ActiveCfg = Debug|x64
		{E10F2F27-4825-4BFB-83B4-E929BDC6E027}.Debug|x64.Build.0 = Debug|x64
		{E10F2F27-4825-4BFB-83B4-E929BDC6E027}.Debug|x86.ActiveCfg = Debug|x86
		{E10F2F27-4825-4BFB-83B4-E929BDC6E027}.Debug|x86.Build.0 = Debug|x86
		{E10F2F27-4825-4BFB-83B4-E929BDC6E027}.Release|Any CPU.ActiveCfg = Release|Any CPU
		{E10F2F27-4825-4BFB-83B4-E929BDC6E027}.Release|Any CPU.Build.0 = Release|Any CPU
		{E10F2F27-4825-4BFB-83B4-E929BDC6E027}.Release|Mixed Platforms.ActiveCfg = Release|Any CPU
		{E10F2F27-4825-4BFB-83B4-E929BDC6E027}.Release|Mixed Platforms.Build.0 = Release|Any CPU
		{E10F2F27-4825-4BFB-83B4-E929BDC6E027}.Release|Win32.ActiveCfg = Release|x86
		{E10F2F27-4825-4BFB-83B4-E929BDC6E027}.Release|Win32.Build.0 = Release|x86
		{E10F2F27-4825-4BFB-83B4-E929BDC6E027}.Release|x64.ActiveCfg = Release|x64
		{E10F2F27-4825-4BFB-83B4-E929BDC6E027}.Release|x64.Build.0 = Release|x64
		{E10F2F27-4825-4BFB-83B4-E929BDC6E027}.Release|x86.ActiveCfg = Release|x86
		{E10F2F27-4825-4BFB-83B4-E929BDC6E027}.Release|x86.Build.0 = Release|x86
		{A23BFC5B-4F2C-4440-B663-39DC3A094DE2}.Debug|Any CPU.ActiveCfg = Debug|x64
		{A23BFC5B-4F2C-4440-B663-39DC3A094DE2}.Debug|Mixed Platforms.ActiveCfg = Debug|x64
		{A23BFC5B-4F2C-4440-B663-39DC3A094DE2}.Debug|Mixed Platforms.Build.0 = Debug|x64
		{A23BFC5B-4F2C-4440-B663-39DC3A094DE2}.Debug|Win32.ActiveCfg = Debug|Win32
		{A23BFC5B-4F2C-4440-B663-39DC3A094DE2}.Debug|Win32.Build.0 = Debug|Win32
		{A23BFC5B-4F2C-4440-B663-39DC3A094DE2}.Debug|x64.ActiveCfg = Debug|x64
		{A23BFC5B-4F2C-4440-B663-39DC3A094DE2}.Debug|x64.Build.0 = Debug|x64
		{A23BFC5B-4F2C-4440-B663-39DC3A094DE2}.Debug|x86.ActiveCfg = Debug|Win32
		{A23BFC5B-4F2C-4440-B663-39DC3A094DE2}.Debug|x86.Build.0 = Debug|Win32
		{A23BFC5B-4F2C-4440-B663-39DC3A094DE2}.Release|Any CPU.ActiveCfg = Release|x64
		{A23BFC5B-4F2C-4440-B663-39DC3A094DE2}.Release|Mixed Platforms.ActiveCfg = Release|x64
		{A23BFC5B-4F2C-4440-B663-39DC3A094DE2}.Release|Mixed Platforms.Build.0 = Release|x64
		{A23BFC5B-4F2C-4440-B663-39DC3A094DE2}.Release|Win32.ActiveCfg = Release|Win32
		{A23BFC5B-4F2C-4440-B663-39DC3A094DE2}.Release|Win32.Build.0 = Release|Win32
		{A23BFC5B-4F2C-4440-B663-39DC3A094DE2}.Release|x64.ActiveCfg = Release|x64
		{A23BFC5B-4F2C-4440-B663-39DC3A094DE2}.Release|x64.Build.0 = Release|x64
		{A23BFC5B-4F2C-4440-B663-39DC3A094DE2}.Release|x86.ActiveCfg = Release|Win32
		{A23BFC5B-4F2C-4440-B663-39DC3A094DE2}.Release|x86.Build.0 = Release|Win32
		{AA514D07-9579-4CF7-AD53-FCECC27D29AA}.Debug|Any CPU.ActiveCfg = Debug|x64
		{AA514D07-9579-4CF7-AD53-FCECC27D29AA}.Debug|Mixed Platforms.ActiveCfg = Debug|x64
		{AA514D07-9579-4CF7-AD53-FCECC27D29AA}.Debug|Mixed Platforms.Build.0 = Debug|x64
		{AA514D07-9579-4CF7-AD53-FCECC27D29AA}.Debug|Win32.ActiveCfg = Debug|Win32
		{AA514D07-9579-4CF7-AD53-FCECC27D29AA}.Debug|Win32.Build.0 = Debug|Win32
		{AA514D07-9579-4CF7-AD53-FCECC27D29AA}.Debug|x64.ActiveCfg = Debug|x64
		{AA514D07-9579-4CF7-AD53-FCECC27D29AA}.Debug|x64.Build.0 = Debug|x64
		{AA514D07-9579-4CF7-AD53-FCECC27D29AA}.Debug|x86.ActiveCfg = Debug|Win32
		{AA514D07-9579-4CF7-AD53-FCECC27D29AA}.Debug|x86.Build.0 = Debug|Win32
		{AA514D07-9579-4CF7-AD53-FCECC27D29AA}.Release|Any CPU.ActiveCfg = Release|x64
		{AA514D07-9579-4CF7-AD53-FCECC27D29AA}.Release|Mixed Platforms.ActiveCfg = Release|x64
		{AA514D07-9579-4CF7-AD53-FCECC27D29AA}.Release|Mixed Platforms.Build.0 = Release|x64
		{AA514D07-9579-4CF7-AD53-FCECC27D29AA}.Release|Win32.ActiveCfg = Release|Win32
		{AA514D07-9579-4CF7-AD53-FCECC27D29AA}.Release|Win32.Build.0 = Release|Win32
		{AA514D07-9579-4CF7-AD53-FCECC27D29AA}.Release|x64.ActiveCfg = Release|x64
		{AA514D07-9579-4CF7-AD53-FCECC27D29AA}.Release|x64.Build.0 = Release|x64
		{AA514D07-9579-4CF7-AD53-FCECC27D29AA}.Release|x86.ActiveCfg = Release|Win32
		{AA514D07-9579-4CF7-AD53-FCECC27D29AA}.Release|x86.Build.0 = Release|Win32
		{4D11F62B-AA30-4657-987D-33C1F21EF2ED}.Debug|Any CPU.ActiveCfg = Debug|x64
		{4D11F62B-AA30-4657-987D-33C1F21EF2ED}.Debug|Mixed Platforms.ActiveCfg = Debug|x64
		{4D11F62B-AA30-4657-987D-33C1F21EF2ED}.Debug|Mixed Platforms.Build.0 = Debug|x64
		{4D11F62B-AA30-4657-987D-33C1F21EF2ED}.Debug|Win32.ActiveCfg = Debug|Win32
		{4D11F62B-AA30-4657-987D-33C1F21EF2ED}.Debug|Win32.Build.0 = Debug|Win32
		{4D11F62B-AA30-4657-987D-33C1F21EF2ED}.Debug|x64.ActiveCfg = Debug|x64
		{4D11F62B-AA30-4657-987D-33C1F21EF2ED}.Debug|x64.Build.0 = Debug|x64
		{4D11F62B-AA30-4657-987D-33C1F21EF2ED}.Debug|x86.ActiveCfg = Debug|Win32
		{4D11F62B-AA30-4657-987D-33C1F21EF2ED}.Debug|x86.Build.0 = Debug|Win32
		{4D11F62B-AA30-4657-987D-33C1F21EF2ED}.Release|Any CPU.ActiveCfg = Release|x64
		{4D11F62B-AA30-4657-987D-33C1F21EF2ED}.Release|Mixed Platforms.ActiveCfg = Release|x64
		{4D11F62B-AA30-4657-987D-33C1F21EF2ED}.Release|Mixed Platforms.Build.0 = Release|x64
		{4D11F62B-AA30-4657-987D-33C1F21EF2ED}.Release|Win32.ActiveCfg = Release|Win32
		{4D11F62B-AA30-4657-987D-33C1F21EF2ED}.Release|Win32.Build.0 = Release|Win32
		{4D11F62B-AA30-4657-987D-33C1F21EF2ED}.Release|x64.ActiveCfg = Release|x64
		{4D11F62B-AA30-4657-987D-33C1F21EF2ED}.Release|x64.Build.0 = Release|x64
		{4D11F62B-AA30-4657-987D-33C1F21EF2ED}.Release|x86.ActiveCfg = Release|Win32
		{4D11F62B-AA30-4657-987D-33C1F21EF2ED}.Release|x86.Build.0 = Release|Win32
		{0895AF81-B25A-4A65-AA2B-24AC70255A6F}.Debug|Any CPU.ActiveCfg = Debug|Any CPU
		{0895AF81-B25A-4A65-AA2B-24AC70255A6F}.Debug|Mixed Platforms.ActiveCfg = Debug|Any CPU
		{0895AF81-B25A-4A65-AA2B-24AC70255A6F}.Debug|Mixed Platforms.Build.0 = Debug|Any CPU
		{0895AF81-B25A-4A65-AA2B-24AC70255A6F}.Debug|Win32.ActiveCfg = Debug|x86
		{0895AF81-B25A-4A65-AA2B-24AC70255A6F}.Debug|x64.ActiveCfg = Debug|x64
		{0895AF81-B25A-4A65-AA2B-24AC70255A6F}.Debug|x64.Build.0 = Debug|x64
		{0895AF81-B25A-4A65-AA2B-24AC70255A6F}.Debug|x86.ActiveCfg = Debug|x86
		{0895AF81-B25A-4A65-AA2B-24AC70255A6F}.Debug|x86.Build.0 = Debug|x86
		{0895AF81-B25A-4A65-AA2B-24AC70255A6F}.Release|Any CPU.ActiveCfg = Release|Any CPU
		{0895AF81-B25A-4A65-AA2B-24AC70255A6F}.Release|Mixed Platforms.ActiveCfg = Release|Any CPU
		{0895AF81-B25A-4A65-AA2B-24AC70255A6F}.Release|Mixed Platforms.Build.0 = Release|Any CPU
		{0895AF81-B25A-4A65-AA2B-24AC70255A6F}.Release|Win32.ActiveCfg = Release|x86
		{0895AF81-B25A-4A65-AA2B-24AC70255A6F}.Release|Win32.Build.0 = Release|x86
		{0895AF81-B25A-4A65-AA2B-24AC70255A6F}.Release|x64.ActiveCfg = Release|x64
		{0895AF81-B25A-4A65-AA2B-24AC70255A6F}.Release|x64.Build.0 = Release|x64
		{0895AF81-B25A-4A65-AA2B-24AC70255A6F}.Release|x86.ActiveCfg = Release|x86
		{0895AF81-B25A-4A65-AA2B-24AC70255A6F}.Release|x86.Build.0 = Release|x86
		{2493E19A-046C-4049-AEDF-44A6BBFEF2DF}.Debug|Any CPU.ActiveCfg = Debug|Any CPU
		{2493E19A-046C-4049-AEDF-44A6BBFEF2DF}.Debug|Any CPU.Build.0 = Debug|Any CPU
		{2493E19A-046C-4049-AEDF-44A6BBFEF2DF}.Debug|Mixed Platforms.ActiveCfg = Debug|Any CPU
		{2493E19A-046C-4049-AEDF-44A6BBFEF2DF}.Debug|Mixed Platforms.Build.0 = Debug|Any CPU
		{2493E19A-046C-4049-AEDF-44A6BBFEF2DF}.Debug|Win32.ActiveCfg = Debug|Any CPU
		{2493E19A-046C-4049-AEDF-44A6BBFEF2DF}.Debug|x64.ActiveCfg = Debug|Any CPU
		{2493E19A-046C-4049-AEDF-44A6BBFEF2DF}.Debug|x86.ActiveCfg = Debug|Any CPU
		{2493E19A-046C-4049-AEDF-44A6BBFEF2DF}.Release|Any CPU.ActiveCfg = Release|Any CPU
		{2493E19A-046C-4049-AEDF-44A6BBFEF2DF}.Release|Any CPU.Build.0 = Release|Any CPU
		{2493E19A-046C-4049-AEDF-44A6BBFEF2DF}.Release|Mixed Platforms.ActiveCfg = Release|Any CPU
		{2493E19A-046C-4049-AEDF-44A6BBFEF2DF}.Release|Mixed Platforms.Build.0 = Release|Any CPU
		{2493E19A-046C-4049-AEDF-44A6BBFEF2DF}.Release|Win32.ActiveCfg = Release|Any CPU
		{2493E19A-046C-4049-AEDF-44A6BBFEF2DF}.Release|x64.ActiveCfg = Release|Any CPU
		{2493E19A-046C-4049-AEDF-44A6BBFEF2DF}.Release|x86.ActiveCfg = Release|Any CPU
		{16D5E9D5-6C47-4C05-9912-C735008504A0}.Debug|Any CPU.ActiveCfg = Debug|Any CPU
		{16D5E9D5-6C47-4C05-9912-C735008504A0}.Debug|Any CPU.Build.0 = Debug|Any CPU
		{16D5E9D5-6C47-4C05-9912-C735008504A0}.Debug|Mixed Platforms.ActiveCfg = Debug|Any CPU
		{16D5E9D5-6C47-4C05-9912-C735008504A0}.Debug|Mixed Platforms.Build.0 = Debug|Any CPU
		{16D5E9D5-6C47-4C05-9912-C735008504A0}.Debug|Win32.ActiveCfg = Debug|Any CPU
		{16D5E9D5-6C47-4C05-9912-C735008504A0}.Debug|Win32.Build.0 = Debug|Any CPU
		{16D5E9D5-6C47-4C05-9912-C735008504A0}.Debug|x64.ActiveCfg = Debug|Any CPU
		{16D5E9D5-6C47-4C05-9912-C735008504A0}.Debug|x64.Build.0 = Debug|Any CPU
		{16D5E9D5-6C47-4C05-9912-C735008504A0}.Debug|x86.ActiveCfg = Debug|Any CPU
		{16D5E9D5-6C47-4C05-9912-C735008504A0}.Debug|x86.Build.0 = Debug|Any CPU
		{16D5E9D5-6C47-4C05-9912-C735008504A0}.Release|Any CPU.ActiveCfg = Release|Any CPU
		{16D5E9D5-6C47-4C05-9912-C735008504A0}.Release|Any CPU.Build.0 = Release|Any CPU
		{16D5E9D5-6C47-4C05-9912-C735008504A0}.Release|Mixed Platforms.ActiveCfg = Release|Any CPU
		{16D5E9D5-6C47-4C05-9912-C735008504A0}.Release|Mixed Platforms.Build.0 = Release|Any CPU
		{16D5E9D5-6C47-4C05-9912-C735008504A0}.Release|Win32.ActiveCfg = Release|Any CPU
		{16D5E9D5-6C47-4C05-9912-C735008504A0}.Release|Win32.Build.0 = Release|Any CPU
		{16D5E9D5-6C47-4C05-9912-C735008504A0}.Release|x64.ActiveCfg = Release|Any CPU
		{16D5E9D5-6C47-4C05-9912-C735008504A0}.Release|x64.Build.0 = Release|Any CPU
		{16D5E9D5-6C47-4C05-9912-C735008504A0}.Release|x86.ActiveCfg = Release|Any CPU
		{16D5E9D5-6C47-4C05-9912-C735008504A0}.Release|x86.Build.0 = Release|Any CPU
	EndGlobalSection
	GlobalSection(SolutionProperties) = preSolution
		HideSolutionNode = FALSE
	EndGlobalSection
	GlobalSection(MonoDevelopProperties) = preSolution
		StartupItem = examples\rhino3dmio\example_read_mac\example_read_mac.csproj
	EndGlobalSection
EndGlobal
