
Microsoft Visual Studio Solution File, Format Version 11.00
# Visual Studio 2010
Project("{8BC9CEB8-8B4A-11D0-8D11-00A0C91BC942}") = "rhcommon_opennurbs", "rhcommon_opennurbs.vcxproj", "{A23BFC5B-4F2C-4440-B663-39DC3A094DE2}"
EndProject
Project("{8BC9CEB8-8B4A-11D0-8D11-00A0C91BC942}") = "opennurbs_staticlib", "..\..\opennurbs\opennurbs_staticlib.vcxproj", "{AA514D07-9579-4CF7-AD53-FCECC27D29AA}"
EndProject
Project("{8BC9CEB8-8B4A-11D0-8D11-00A0C91BC942}") = "zlib", "..\..\opennurbs\zlib\zlib.vcxproj", "{4D11F62B-AA30-4657-987D-33C1F21EF2ED}"
EndProject
Global
	GlobalSection(SolutionConfigurationPlatforms) = preSolution
		Debug|Win32 = Debug|Win32
		Debug|x64 = Debug|x64
		Release|Win32 = Release|Win32
		Release|x64 = Release|x64
	EndGlobalSection
	GlobalSection(ProjectConfigurationPlatforms) = postSolution
		{A23BFC5B-4F2C-4440-B663-39DC3A094DE2}.Debug|Win32.ActiveCfg = Debug|Win32
		{A23BFC5B-4F2C-4440-B663-39DC3A094DE2}.Debug|Win32.Build.0 = Debug|Win32
		{A23BFC5B-4F2C-4440-B663-39DC3A094DE2}.Debug|x64.ActiveCfg = Debug|x64
		{A23BFC5B-4F2C-4440-B663-39DC3A094DE2}.Debug|x64.Build.0 = Debug|x64
		{A23BFC5B-4F2C-4440-B663-39DC3A094DE2}.Release|Win32.ActiveCfg = Release|Win32
		{A23BFC5B-4F2C-4440-B663-39DC3A094DE2}.Release|Win32.Build.0 = Release|Win32
		{A23BFC5B-4F2C-4440-B663-39DC3A094DE2}.Release|x64.ActiveCfg = Release|x64
		{A23BFC5B-4F2C-4440-B663-39DC3A094DE2}.Release|x64.Build.0 = Release|x64
		{AA514D07-9579-4CF7-AD53-FCECC27D29AA}.Debug|Win32.ActiveCfg = Debug|Win32
		{AA514D07-9579-4CF7-AD53-FCECC27D29AA}.Debug|Win32.Build.0 = Debug|Win32
		{AA514D07-9579-4CF7-AD53-FCECC27D29AA}.Debug|x64.ActiveCfg = Debug|x64
		{AA514D07-9579-4CF7-AD53-FCECC27D29AA}.Debug|x64.Build.0 = Debug|x64
		{AA514D07-9579-4CF7-AD53-FCECC27D29AA}.Release|Win32.ActiveCfg = Release|Win32
		{AA514D07-9579-4CF7-AD53-FCECC27D29AA}.Release|Win32.Build.0 = Release|Win32
		{AA514D07-9579-4CF7-AD53-FCECC27D29AA}.Release|x64.ActiveCfg = Release|x64
		{AA514D07-9579-4CF7-AD53-FCECC27D29AA}.Release|x64.Build.0 = Release|x64
		{4D11F62B-AA30-4657-987D-33C1F21EF2ED}.Debug|Win32.ActiveCfg = Debug|Win32
		{4D11F62B-AA30-4657-987D-33C1F21EF2ED}.Debug|Win32.Build.0 = Debug|Win32
		{4D11F62B-AA30-4657-987D-33C1F21EF2ED}.Debug|x64.ActiveCfg = Debug|x64
		{4D11F62B-AA30-4657-987D-33C1F21EF2ED}.Debug|x64.Build.0 = Debug|x64
		{4D11F62B-AA30-4657-987D-33C1F21EF2ED}.Release|Win32.ActiveCfg = Release|Win32
		{4D11F62B-AA30-4657-987D-33C1F21EF2ED}.Release|Win32.Build.0 = Release|Win32
		{4D11F62B-AA30-4657-987D-33C1F21EF2ED}.Release|x64.ActiveCfg = Release|x64
		{4D11F62B-AA30-4657-987D-33C1F21EF2ED}.Release|x64.Build.0 = Release|x64
	EndGlobalSection
	GlobalSection(SolutionProperties) = preSolution
		HideSolutionNode = FALSE
	EndGlobalSection
EndGlobal
